
Microsoft Visual Studio Solution File, Format Version 12.00
# Visual Studio 15
VisualStudioVersion = 15.0.28307.489
MinimumVisualStudioVersion = 10.0.40219.1
Project("{8BC9CEB8-8B4A-11D0-8D11-00A0C91BC942}") = "ArdupilotTNG", "ArdupilotTNG.vcxproj", "{A5464F64-A20A-4E94-B3FB-A30CFF6C4EC3}"
EndProject
Global
	GlobalSection(SolutionConfigurationPlatforms) = preSolution
		Debug|x64 = Debug|x64
		Debug|x86 = Debug|x86
		Release|x64 = Release|x64
		Release|x86 = Release|x86
	EndGlobalSection
	GlobalSection(ProjectConfigurationPlatforms) = postSolution
		{A5464F64-A20A-4E94-B3FB-A30CFF6C4EC3}.Debug|x64.ActiveCfg = Debug|x64
		{A5464F64-A20A-4E94-B3FB-A30CFF6C4EC3}.Debug|x64.Build.0 = Debug|x64
		{A5464F64-A20A-4E94-B3FB-A30CFF6C4EC3}.Debug|x86.ActiveCfg = Debug|Win32
		{A5464F64-A20A-4E94-B3FB-A30CFF6C4EC3}.Debug|x86.Build.0 = Debug|Win32
		{A5464F64-A20A-4E94-B3FB-A30CFF6C4EC3}.Release|x64.ActiveCfg = Release|x64
		{A5464F64-A20A-4E94-B3FB-A30CFF6C4EC3}.Release|x64.Build.0 = Release|x64
		{A5464F64-A20A-4E94-B3FB-A30CFF6C4EC3}.Release|x86.ActiveCfg = Release|Win32
		{A5464F64-A20A-4E94-B3FB-A30CFF6C4EC3}.Release|x86.Build.0 = Release|Win32
	EndGlobalSection
	GlobalSection(SolutionProperties) = preSolution
		HideSolutionNode = FALSE
	EndGlobalSection
	GlobalSection(ExtensibilityGlobals) = postSolution
		SolutionGuid = {EE80B8C4-4526-4728-A99F-2E0572FC442A}
	EndGlobalSection
EndGlobal
